
Microsoft Visual Studio Solution File, Format Version 12.00
# Visual Studio 14
VisualStudioVersion = 14.0.24720.0
MinimumVisualStudioVersion = 10.0.40219.1
Project("{FAE04EC0-301F-11D3-BF4B-00C04F79EFBC}") = "WindowsFormsApplication11", "WindowsFormsApplication11\WindowsFormsApplication11.csproj", "{CAD5FE5C-4585-41F3-BDD6-2D9CB18C6B68}"
EndProject
Global
	GlobalSection(SolutionConfigurationPlatforms) = preSolution
		Debug|Any CPU = Debug|Any CPU
		Release|Any CPU = Release|Any CPU
	EndGlobalSection
	GlobalSection(ProjectConfigurationPlatforms) = postSolution
		{CAD5FE5C-4585-41F3-BDD6-2D9CB18C6B68}.Debug|Any CPU.ActiveCfg = Debug|Any CPU
		{CAD5FE5C-4585-41F3-BDD6-2D9CB18C6B68}.Debug|Any CPU.Build.0 = Debug|Any CPU
		{CAD5FE5C-4585-41F3-BDD6-2D9CB18C6B68}.Release|Any CPU.ActiveCfg = Release|Any CPU
		{CAD5FE5C-4585-41F3-BDD6-2D9CB18C6B68}.Release|Any CPU.Build.0 = Release|Any CPU
	EndGlobalSection
	GlobalSection(SolutionProperties) = preSolution
		HideSolutionNode = FALSE
	EndGlobalSection
EndGlobal
